// !$*UTF8*$!
{
	archiveVersion = 1;
	classes = {
	};
	objectVersion = 56;
	objects = {

/* Begin PBXBuildFile section */
		22D68C72297FEE530036692D /* AppDelegate.swift in Sources */ = {isa = PBXBuildFile; fileRef = 22D68C71297FEE530036692D /* AppDelegate.swift */; };
		22D68C74297FEE530036692D /* SceneDelegate.swift in Sources */ = {isa = PBXBuildFile; fileRef = 22D68C73297FEE530036692D /* SceneDelegate.swift */; };
		22D68C76297FEE530036692D /* ViewController.swift in Sources */ = {isa = PBXBuildFile; fileRef = 22D68C75297FEE530036692D /* ViewController.swift */; };
		22D68C79297FEE530036692D /* Main.storyboard in Resources */ = {isa = PBXBuildFile; fileRef = 22D68C77297FEE530036692D /* Main.storyboard */; };
		22D68C7B297FEE540036692D /* Assets.xcassets in Resources */ = {isa = PBXBuildFile; fileRef = 22D68C7A297FEE540036692D /* Assets.xcassets */; };
		22D68C7E297FEE540036692D /* LaunchScreen.storyboard in Resources */ = {isa = PBXBuildFile; fileRef = 22D68C7C297FEE540036692D /* LaunchScreen.storyboard */; };
		22D68C89297FEE540036692D /* udemyTableViewTests.swift in Sources */ = {isa = PBXBuildFile; fileRef = 22D68C88297FEE540036692D /* udemyTableViewTests.swift */; };
		22D68C93297FEE540036692D /* udemyTableViewUITests.swift in Sources */ = {isa = PBXBuildFile; fileRef = 22D68C92297FEE540036692D /* udemyTableViewUITests.swift */; };
		22D68C95297FEE540036692D /* udemyTableViewUITestsLaunchTests.swift in Sources */ = {isa = PBXBuildFile; fileRef = 22D68C94297FEE540036692D /* udemyTableViewUITestsLaunchTests.swift */; };
/* End PBXBuildFile section */

/* Begin PBXContainerItemProxy section */
		22D68C85297FEE540036692D /* PBXContainerItemProxy */ = {
			isa = PBXContainerItemProxy;
			containerPortal = 22D68C66297FEE530036692D /* Project object */;
			proxyType = 1;
			remoteGlobalIDString = 22D68C6D297FEE530036692D;
			remoteInfo = udemyTableView;
		};
		22D68C8F297FEE540036692D /* PBXContainerItemProxy */ = {
			isa = PBXContainerItemProxy;
			containerPortal = 22D68C66297FEE530036692D /* Project object */;
			proxyType = 1;
			remoteGlobalIDString = 22D68C6D297FEE530036692D;
			remoteInfo = udemyTableView;
		};
/* End PBXContainerItemProxy section */

/* Begin PBXFileReference section */
		22D68C6E297FEE530036692D /* udemyTableView.app */ = {isa = PBXFileReference; explicitFileType = wrapper.application; includeInIndex = 0; path = udemyTableView.app; sourceTree = BUILT_PRODUCTS_DIR; };
		22D68C71297FEE530036692D /* AppDelegate.swift */ = {isa = PBXFileReference; lastKnownFileType = sourcecode.swift; path = AppDelegate.swift; sourceTree = "<group>"; };
		22D68C73297FEE530036692D /* SceneDelegate.swift */ = {isa = PBXFileReference; lastKnownFileType = sourcecode.swift; path = SceneDelegate.swift; sourceTree = "<group>"; };
		22D68C75297FEE530036692D /* ViewController.swift */ = {isa = PBXFileReference; lastKnownFileType = sourcecode.swift; path = ViewController.swift; sourceTree = "<group>"; };
		22D68C78297FEE530036692D /* Base */ = {isa = PBXFileReference; lastKnownFileType = file.storyboard; name = Base; path = Base.lproj/Main.storyboard; sourceTree = "<group>"; };
		22D68C7A297FEE540036692D /* Assets.xcassets */ = {isa = PBXFileReference; lastKnownFileType = folder.assetcatalog; path = Assets.xcassets; sourceTree = "<group>"; };
		22D68C7D297FEE540036692D /* Base */ = {isa = PBXFileReference; lastKnownFileType = file.storyboard; name = Base; path = Base.lproj/LaunchScreen.storyboard; sourceTree = "<group>"; };
		22D68C7F297FEE540036692D /* Info.plist */ = {isa = PBXFileReference; lastKnownFileType = text.plist.xml; path = Info.plist; sourceTree = "<group>"; };
		22D68C84297FEE540036692D /* udemyTableViewTests.xctest */ = {isa = PBXFileReference; explicitFileType = wrapper.cfbundle; includeInIndex = 0; path = udemyTableViewTests.xctest; sourceTree = BUILT_PRODUCTS_DIR; };
		22D68C88297FEE540036692D /* udemyTableViewTests.swift */ = {isa = PBXFileReference; lastKnownFileType = sourcecode.swift; path = udemyTableViewTests.swift; sourceTree = "<group>"; };
		22D68C8E297FEE540036692D /* udemyTableViewUITests.xctest */ = {isa = PBXFileReference; explicitFileType = wrapper.cfbundle; includeInIndex = 0; path = udemyTableViewUITests.xctest; sourceTree = BUILT_PRODUCTS_DIR; };
		22D68C92297FEE540036692D /* udemyTableViewUITests.swift */ = {isa = PBXFileReference; lastKnownFileType = sourcecode.swift; path = udemyTableViewUITests.swift; sourceTree = "<group>"; };
		22D68C94297FEE540036692D /* udemyTableViewUITestsLaunchTests.swift */ = {isa = PBXFileReference; lastKnownFileType = sourcecode.swift; path = udemyTableViewUITestsLaunchTests.swift; sourceTree = "<group>"; };
/* End PBXFileReference section */

/* Begin PBXFrameworksBuildPhase section */
		22D68C6B297FEE530036692D /* Frameworks */ = {
			isa = PBXFrameworksBuildPhase;
			buildActionMask = 2147483647;
			files = (
			);
			runOnlyForDeploymentPostprocessing = 0;
		};
		22D68C81297FEE540036692D /* Frameworks */ = {
			isa = PBXFrameworksBuildPhase;
			buildActionMask = 2147483647;
			files = (
			);
			runOnlyForDeploymentPostprocessing = 0;
		};
		22D68C8B297FEE540036692D /* Frameworks */ = {
			isa = PBXFrameworksBuildPhase;
			buildActionMask = 2147483647;
			files = (
			);
			runOnlyForDeploymentPostprocessing = 0;
		};
/* End PBXFrameworksBuildPhase section */

/* Begin PBXGroup section */
		22D68C65297FEE530036692D = {
			isa = PBXGroup;
			children = (
				22D68C70297FEE530036692D /* udemyTableView */,
				22D68C87297FEE540036692D /* udemyTableViewTests */,
				22D68C91297FEE540036692D /* udemyTableViewUITests */,
				22D68C6F297FEE530036692D /* Products */,
			);
			sourceTree = "<group>";
		};
		22D68C6F297FEE530036692D /* Products */ = {
			isa = PBXGroup;
			children = (
				22D68C6E297FEE530036692D /* udemyTableView.app */,
				22D68C84297FEE540036692D /* udemyTableViewTests.xctest */,
				22D68C8E297FEE540036692D /* udemyTableViewUITests.xctest */,
			);
			name = Products;
			sourceTree = "<group>";
		};
		22D68C70297FEE530036692D /* udemyTableView */ = {
			isa = PBXGroup;
			children = (
				22D68C71297FEE530036692D /* AppDelegate.swift */,
				22D68C73297FEE530036692D /* SceneDelegate.swift */,
				22D68C75297FEE530036692D /* ViewController.swift */,
				22D68C77297FEE530036692D /* Main.storyboard */,
				22D68C7A297FEE540036692D /* Assets.xcassets */,
				22D68C7C297FEE540036692D /* LaunchScreen.storyboard */,
				22D68C7F297FEE540036692D /* Info.plist */,
			);
			path = udemyTableView;
			sourceTree = "<group>";
		};
		22D68C87297FEE540036692D /* udemyTableViewTests */ = {
			isa = PBXGroup;
			children = (
				22D68C88297FEE540036692D /* udemyTableViewTests.swift */,
			);
			path = udemyTableViewTests;
			sourceTree = "<group>";
		};
		22D68C91297FEE540036692D /* udemyTableViewUITests */ = {
			isa = PBXGroup;
			children = (
				22D68C92297FEE540036692D /* udemyTableViewUITests.swift */,
				22D68C94297FEE540036692D /* udemyTableViewUITestsLaunchTests.swift */,
			);
			path = udemyTableViewUITests;
			sourceTree = "<group>";
		};
/* End PBXGroup section */

/* Begin PBXNativeTarget section */
		22D68C6D297FEE530036692D /* udemyTableView */ = {
			isa = PBXNativeTarget;
			buildConfigurationList = 22D68C98297FEE540036692D /* Build configuration list for PBXNativeTarget "udemyTableView" */;
			buildPhases = (
				22D68C6A297FEE530036692D /* Sources */,
				22D68C6B297FEE530036692D /* Frameworks */,
				22D68C6C297FEE530036692D /* Resources */,
			);
			buildRules = (
			);
			dependencies = (
			);
			name = udemyTableView;
			productName = udemyTableView;
			productReference = 22D68C6E297FEE530036692D /* udemyTableView.app */;
			productType = "com.apple.product-type.application";
		};
		22D68C83297FEE540036692D /* udemyTableViewTests */ = {
			isa = PBXNativeTarget;
			buildConfigurationList = 22D68C9B297FEE540036692D /* Build configuration list for PBXNativeTarget "udemyTableViewTests" */;
			buildPhases = (
				22D68C80297FEE540036692D /* Sources */,
				22D68C81297FEE540036692D /* Frameworks */,
				22D68C82297FEE540036692D /* Resources */,
			);
			buildRules = (
			);
			dependencies = (
				22D68C86297FEE540036692D /* PBXTargetDependency */,
			);
			name = udemyTableViewTests;
			productName = udemyTableViewTests;
			productReference = 22D68C84297FEE540036692D /* udemyTableViewTests.xctest */;
			productType = "com.apple.product-type.bundle.unit-test";
		};
		22D68C8D297FEE540036692D /* udemyTableViewUITests */ = {
			isa = PBXNativeTarget;
			buildConfigurationList = 22D68C9E297FEE540036692D /* Build configuration list for PBXNativeTarget "udemyTableViewUITests" */;
			buildPhases = (
				22D68C8A297FEE540036692D /* Sources */,
				22D68C8B297FEE540036692D /* Frameworks */,
				22D68C8C297FEE540036692D /* Resources */,
			);
			buildRules = (
			);
			dependencies = (
				22D68C90297FEE540036692D /* PBXTargetDependency */,
			);
			name = udemyTableViewUITests;
			productName = udemyTableViewUITests;
			productReference = 22D68C8E297FEE540036692D /* udemyTableViewUITests.xctest */;
			productType = "com.apple.product-type.bundle.ui-testing";
		};
/* End PBXNativeTarget section */

/* Begin PBXProject section */
		22D68C66297FEE530036692D /* Project object */ = {
			isa = PBXProject;
			attributes = {
				BuildIndependentTargetsInParallel = 1;
				LastSwiftUpdateCheck = 1420;
				LastUpgradeCheck = 1420;
				TargetAttributes = {
					22D68C6D297FEE530036692D = {
						CreatedOnToolsVersion = 14.2;
					};
					22D68C83297FEE540036692D = {
						CreatedOnToolsVersion = 14.2;
						TestTargetID = 22D68C6D297FEE530036692D;
					};
					22D68C8D297FEE540036692D = {
						CreatedOnToolsVersion = 14.2;
						TestTargetID = 22D68C6D297FEE530036692D;
					};
				};
			};
			buildConfigurationList = 22D68C69297FEE530036692D /* Build configuration list for PBXProject "udemyTableView" */;
			compatibilityVersion = "Xcode 14.0";
			developmentRegion = en;
			hasScannedForEncodings = 0;
			knownRegions = (
				en,
				Base,
			);
			mainGroup = 22D68C65297FEE530036692D;
			productRefGroup = 22D68C6F297FEE530036692D /* Products */;
			projectDirPath = "";
			projectRoot = "";
			targets = (
				22D68C6D297FEE530036692D /* udemyTableView */,
				22D68C83297FEE540036692D /* udemyTableViewTests */,
				22D68C8D297FEE540036692D /* udemyTableViewUITests */,
			);
		};
/* End PBXProject section */

/* Begin PBXResourcesBuildPhase section */
		22D68C6C297FEE530036692D /* Resources */ = {
			isa = PBXResourcesBuildPhase;
			buildActionMask = 2147483647;
			files = (
				22D68C7E297FEE540036692D /* LaunchScreen.storyboard in Resources */,
				22D68C7B297FEE540036692D /* Assets.xcassets in Resources */,
				22D68C79297FEE530036692D /* Main.storyboard in Resources */,
			);
			runOnlyForDeploymentPostprocessing = 0;
		};
		22D68C82297FEE540036692D /* Resources */ = {
			isa = PBXResourcesBuildPhase;
			buildActionMask = 2147483647;
			files = (
			);
			runOnlyForDeploymentPostprocessing = 0;
		};
		22D68C8C297FEE540036692D /* Resources */ = {
			isa = PBXResourcesBuildPhase;
			buildActionMask = 2147483647;
			files = (
			);
			runOnlyForDeploymentPostprocessing = 0;
		};
/* End PBXResourcesBuildPhase section */

/* Begin PBXSourcesBuildPhase section */
		22D68C6A297FEE530036692D /* Sources */ = {
			isa = PBXSourcesBuildPhase;
			buildActionMask = 2147483647;
			files = (
				22D68C76297FEE530036692D /* ViewController.swift in Sources */,
				22D68C72297FEE530036692D /* AppDelegate.swift in Sources */,
				22D68C74297FEE530036692D /* SceneDelegate.swift in Sources */,
			);
			runOnlyForDeploymentPostprocessing = 0;
		};
		22D68C80297FEE540036692D /* Sources */ = {
			isa = PBXSourcesBuildPhase;
			buildActionMask = 2147483647;
			files = (
				22D68C89297FEE540036692D /* udemyTableViewTests.swift in Sources */,
			);
			runOnlyForDeploymentPostprocessing = 0;
		};
		22D68C8A297FEE540036692D /* Sources */ = {
			isa = PBXSourcesBuildPhase;
			buildActionMask = 2147483647;
			files = (
				22D68C93297FEE540036692D /* udemyTableViewUITests.swift in Sources */,
				22D68C95297FEE540036692D /* udemyTableViewUITestsLaunchTests.swift in Sources */,
			);
			runOnlyForDeploymentPostprocessing = 0;
		};
/* End PBXSourcesBuildPhase section */

/* Begin PBXTargetDependency section */
		22D68C86297FEE540036692D /* PBXTargetDependency */ = {
			isa = PBXTargetDependency;
			target = 22D68C6D297FEE530036692D /* udemyTableView */;
			targetProxy = 22D68C85297FEE540036692D /* PBXContainerItemProxy */;
		};
		22D68C90297FEE540036692D /* PBXTargetDependency */ = {
			isa = PBXTargetDependency;
			target = 22D68C6D297FEE530036692D /* udemyTableView */;
			targetProxy = 22D68C8F297FEE540036692D /* PBXContainerItemProxy */;
		};
/* End PBXTargetDependency section */

/* Begin PBXVariantGroup section */
		22D68C77297FEE530036692D /* Main.storyboard */ = {
			isa = PBXVariantGroup;
			children = (
				22D68C78297FEE530036692D /* Base */,
			);
			name = Main.storyboard;
			sourceTree = "<group>";
		};
		22D68C7C297FEE540036692D /* LaunchScreen.storyboard */ = {
			isa = PBXVariantGroup;
			children = (
				22D68C7D297FEE540036692D /* Base */,
			);
			name = LaunchScreen.storyboard;
			sourceTree = "<group>";
		};
/* End PBXVariantGroup section */

/* Begin XCBuildConfiguration section */
		22D68C96297FEE540036692D /* Debug */ = {
			isa = XCBuildConfiguration;
			buildSettings = {
				ALWAYS_SEARCH_USER_PATHS = NO;
				CLANG_ANALYZER_NONNULL = YES;
				CLANG_ANALYZER_NUMBER_OBJECT_CONVERSION = YES_AGGRESSIVE;
				CLANG_CXX_LANGUAGE_STANDARD = "gnu++20";
				CLANG_ENABLE_MODULES = YES;
				CLANG_ENABLE_OBJC_ARC = YES;
				CLANG_ENABLE_OBJC_WEAK = YES;
				CLANG_WARN_BLOCK_CAPTURE_AUTORELEASING = YES;
				CLANG_WARN_BOOL_CONVERSION = YES;
				CLANG_WARN_COMMA = YES;
				CLANG_WARN_CONSTANT_CONVERSION = YES;
				CLANG_WARN_DEPRECATED_OBJC_IMPLEMENTATIONS = YES;
				CLANG_WARN_DIRECT_OBJC_ISA_USAGE = YES_ERROR;
				CLANG_WARN_DOCUMENTATION_COMMENTS = YES;
				CLANG_WARN_EMPTY_BODY = YES;
				CLANG_WARN_ENUM_CONVERSION = YES;
				CLANG_WARN_INFINITE_RECURSION = YES;
				CLANG_WARN_INT_CONVERSION = YES;
				CLANG_WARN_NON_LITERAL_NULL_CONVERSION = YES;
				CLANG_WARN_OBJC_IMPLICIT_RETAIN_SELF = YES;
				CLANG_WARN_OBJC_LITERAL_CONVERSION = YES;
				CLANG_WARN_OBJC_ROOT_CLASS = YES_ERROR;
				CLANG_WARN_QUOTED_INCLUDE_IN_FRAMEWORK_HEADER = YES;
				CLANG_WARN_RANGE_LOOP_ANALYSIS = YES;
				CLANG_WARN_STRICT_PROTOTYPES = YES;
				CLANG_WARN_SUSPICIOUS_MOVE = YES;
				CLANG_WARN_UNGUARDED_AVAILABILITY = YES_AGGRESSIVE;
				CLANG_WARN_UNREACHABLE_CODE = YES;
				CLANG_WARN__DUPLICATE_METHOD_MATCH = YES;
				COPY_PHASE_STRIP = NO;
				DEBUG_INFORMATION_FORMAT = dwarf;
				ENABLE_STRICT_OBJC_MSGSEND = YES;
				ENABLE_TESTABILITY = YES;
				GCC_C_LANGUAGE_STANDARD = gnu11;
				GCC_DYNAMIC_NO_PIC = NO;
				GCC_NO_COMMON_BLOCKS = YES;
				GCC_OPTIMIZATION_LEVEL = 0;
				GCC_PREPROCESSOR_DEFINITIONS = (
					"DEBUG=1",
					"$(inherited)",
				);
				GCC_WARN_64_TO_32_BIT_CONVERSION = YES;
				GCC_WARN_ABOUT_RETURN_TYPE = YES_ERROR;
				GCC_WARN_UNDECLARED_SELECTOR = YES;
				GCC_WARN_UNINITIALIZED_AUTOS = YES_AGGRESSIVE;
				GCC_WARN_UNUSED_FUNCTION = YES;
				GCC_WARN_UNUSED_VARIABLE = YES;
				IPHONEOS_DEPLOYMENT_TARGET = 16.2;
				MTL_ENABLE_DEBUG_INFO = INCLUDE_SOURCE;
				MTL_FAST_MATH = YES;
				ONLY_ACTIVE_ARCH = YES;
				SDKROOT = iphoneos;
				SWIFT_ACTIVE_COMPILATION_CONDITIONS = DEBUG;
				SWIFT_OPTIMIZATION_LEVEL = "-Onone";
			};
			name = Debug;
		};
		22D68C97297FEE540036692D /* Release */ = {
			isa = XCBuildConfiguration;
			buildSettings = {
				ALWAYS_SEARCH_USER_PATHS = NO;
				CLANG_ANALYZER_NONNULL = YES;
				CLANG_ANALYZER_NUMBER_OBJECT_CONVERSION = YES_AGGRESSIVE;
				CLANG_CXX_LANGUAGE_STANDARD = "gnu++20";
				CLANG_ENABLE_MODULES = YES;
				CLANG_ENABLE_OBJC_ARC = YES;
				CLANG_ENABLE_OBJC_WEAK = YES;
				CLANG_WARN_BLOCK_CAPTURE_AUTORELEASING = YES;
				CLANG_WARN_BOOL_CONVERSION = YES;
				CLANG_WARN_COMMA = YES;
				CLANG_WARN_CONSTANT_CONVERSION = YES;
				CLANG_WARN_DEPRECATED_OBJC_IMPLEMENTATIONS = YES;
				CLANG_WARN_DIRECT_OBJC_ISA_USAGE = YES_ERROR;
				CLANG_WARN_DOCUMENTATION_COMMENTS = YES;
				CLANG_WARN_EMPTY_BODY = YES;
				CLANG_WARN_ENUM_CONVERSION = YES;
				CLANG_WARN_INFINITE_RECURSION = YES;
				CLANG_WARN_INT_CONVERSION = YES;
				CLANG_WARN_NON_LITERAL_NULL_CONVERSION = YES;
				CLANG_WARN_OBJC_IMPLICIT_RETAIN_SELF = YES;
				CLANG_WARN_OBJC_LITERAL_CONVERSION = YES;
				CLANG_WARN_OBJC_ROOT_CLASS = YES_ERROR;
				CLANG_WARN_QUOTED_INCLUDE_IN_FRAMEWORK_HEADER = YES;
				CLANG_WARN_RANGE_LOOP_ANALYSIS = YES;
				CLANG_WARN_STRICT_PROTOTYPES = YES;
				CLANG_WARN_SUSPICIOUS_MOVE = YES;
				CLANG_WARN_UNGUARDED_AVAILABILITY = YES_AGGRESSIVE;
				CLANG_WARN_UNREACHABLE_CODE = YES;
				CLANG_WARN__DUPLICATE_METHOD_MATCH = YES;
				COPY_PHASE_STRIP = NO;
				DEBUG_INFORMATION_FORMAT = "dwarf-with-dsym";
				ENABLE_NS_ASSERTIONS = NO;
				ENABLE_STRICT_OBJC_MSGSEND = YES;
				GCC_C_LANGUAGE_STANDARD = gnu11;
				GCC_NO_COMMON_BLOCKS = YES;
				GCC_WARN_64_TO_32_BIT_CONVERSION = YES;
				GCC_WARN_ABOUT_RETURN_TYPE = YES_ERROR;
				GCC_WARN_UNDECLARED_SELECTOR = YES;
				GCC_WARN_UNINITIALIZED_AUTOS = YES_AGGRESSIVE;
				GCC_WARN_UNUSED_FUNCTION = YES;
				GCC_WARN_UNUSED_VARIABLE = YES;
				IPHONEOS_DEPLOYMENT_TARGET = 16.2;
				MTL_ENABLE_DEBUG_INFO = NO;
				MTL_FAST_MATH = YES;
				SDKROOT = iphoneos;
				SWIFT_COMPILATION_MODE = wholemodule;
				SWIFT_OPTIMIZATION_LEVEL = "-O";
				VALIDATE_PRODUCT = YES;
			};
			name = Release;
		};
		22D68C99297FEE540036692D /* Debug */ = {
			isa = XCBuildConfiguration;
			buildSettings = {
				ASSETCATALOG_COMPILER_APPICON_NAME = AppIcon;
				ASSETCATALOG_COMPILER_GLOBAL_ACCENT_COLOR_NAME = AccentColor;
				CODE_SIGN_STYLE = Automatic;
				CURRENT_PROJECT_VERSION = 1;
				GENERATE_INFOPLIST_FILE = YES;
				INFOPLIST_FILE = udemyTableView/Info.plist;
				INFOPLIST_KEY_UIApplicationSupportsIndirectInputEvents = YES;
				INFOPLIST_KEY_UILaunchStoryboardName = LaunchScreen;
				INFOPLIST_KEY_UIMainStoryboardFile = Main;
				INFOPLIST_KEY_UISupportedInterfaceOrientations_iPad = "UIInterfaceOrientationPortrait UIInterfaceOrientationPortraitUpsideDown UIInterfaceOrientationLandscapeLeft UIInterfaceOrientationLandscapeRight";
				INFOPLIST_KEY_UISupportedInterfaceOrientations_iPhone = "UIInterfaceOrientationPortrait UIInterfaceOrientationLandscapeLeft UIInterfaceOrientationLandscapeRight";
				LD_RUNPATH_SEARCH_PATHS = (
					"$(inherited)",
					"@executable_path/Frameworks",
				);
				MARKETING_VERSION = 1.0;
				PRODUCT_BUNDLE_IDENTIFIER = deniz.udemyTableView;
				PRODUCT_NAME = "$(TARGET_NAME)";
				SWIFT_EMIT_LOC_STRINGS = YES;
				SWIFT_VERSION = 5.0;
				TARGETED_DEVICE_FAMILY = "1,2";
			};
			name = Debug;
		};
		22D68C9A297FEE540036692D /* Release */ = {
			isa = XCBuildConfiguration;
			buildSettings = {
				ASSETCATALOG_COMPILER_APPICON_NAME = AppIcon;
				ASSETCATALOG_COMPILER_GLOBAL_ACCENT_COLOR_NAME = AccentColor;
				CODE_SIGN_STYLE = Automatic;
				CURRENT_PROJECT_VERSION = 1;
				GENERATE_INFOPLIST_FILE = YES;
				INFOPLIST_FILE = udemyTableView/Info.plist;
				INFOPLIST_KEY_UIApplicationSupportsIndirectInputEvents = YES;
				INFOPLIST_KEY_UILaunchStoryboardName = LaunchScreen;
				INFOPLIST_KEY_UIMainStoryboardFile = Main;
				INFOPLIST_KEY_UISupportedInterfaceOrientations_iPad = "UIInterfaceOrientationPortrait UIInterfaceOrientationPortraitUpsideDown UIInterfaceOrientationLandscapeLeft UIInterfaceOrientationLandscapeRight";
				INFOPLIST_KEY_UISupportedInterfaceOrientations_iPhone = "UIInterfaceOrientationPortrait UIInterfaceOrientationLandscapeLeft UIInterfaceOrientationLandscapeRight";
				LD_RUNPATH_SEARCH_PATHS = (
					"$(inherited)",
					"@executable_path/Frameworks",
				);
				MARKETING_VERSION = 1.0;
				PRODUCT_BUNDLE_IDENTIFIER = deniz.udemyTableView;
				PRODUCT_NAME = "$(TARGET_NAME)";
				SWIFT_EMIT_LOC_STRINGS = YES;
				SWIFT_VERSION = 5.0;
				TARGETED_DEVICE_FAMILY = "1,2";
			};
			name = Release;
		};
		22D68C9C297FEE540036692D /* Debug */ = {
			isa = XCBuildConfiguration;
			buildSettings = {
				ALWAYS_EMBED_SWIFT_STANDARD_LIBRARIES = YES;
				BUNDLE_LOADER = "$(TEST_HOST)";
				CODE_SIGN_STYLE = Automatic;
				CURRENT_PROJECT_VERSION = 1;
				GENERATE_INFOPLIST_FILE = YES;
				IPHONEOS_DEPLOYMENT_TARGET = 16.2;
				MARKETING_VERSION = 1.0;
				PRODUCT_BUNDLE_IDENTIFIER = deniz.udemyTableViewTests;
				PRODUCT_NAME = "$(TARGET_NAME)";
				SWIFT_EMIT_LOC_STRINGS = NO;
				SWIFT_VERSION = 5.0;
				TARGETED_DEVICE_FAMILY = "1,2";
				TEST_HOST = "$(BUILT_PRODUCTS_DIR)/udemyTableView.app/$(BUNDLE_EXECUTABLE_FOLDER_PATH)/udemyTableView";
			};
			name = Debug;
		};
		22D68C9D297FEE540036692D /* Release */ = {
			isa = XCBuildConfiguration;
			buildSettings = {
				ALWAYS_EMBED_SWIFT_STANDARD_LIBRARIES = YES;
				BUNDLE_LOADER = "$(TEST_HOST)";
				CODE_SIGN_STYLE = Automatic;
				CURRENT_PROJECT_VERSION = 1;
				GENERATE_INFOPLIST_FILE = YES;
				IPHONEOS_DEPLOYMENT_TARGET = 16.2;
				MARKETING_VERSION = 1.0;
				PRODUCT_BUNDLE_IDENTIFIER = deniz.udemyTableViewTests;
				PRODUCT_NAME = "$(TARGET_NAME)";
				SWIFT_EMIT_LOC_STRINGS = NO;
				SWIFT_VERSION = 5.0;
				TARGETED_DEVICE_FAMILY = "1,2";
				TEST_HOST = "$(BUILT_PRODUCTS_DIR)/udemyTableView.app/$(BUNDLE_EXECUTABLE_FOLDER_PATH)/udemyTableView";
			};
			name = Release;
		};
		22D68C9F297FEE540036692D /* Debug */ = {
			isa = XCBuildConfiguration;
			buildSettings = {
				ALWAYS_EMBED_SWIFT_STANDARD_LIBRARIES = YES;
				CODE_SIGN_STYLE = Automatic;
				CURRENT_PROJECT_VERSION = 1;
				GENERATE_INFOPLIST_FILE = YES;
				MARKETING_VERSION = 1.0;
				PRODUCT_BUNDLE_IDENTIFIER = deniz.udemyTableViewUITests;
				PRODUCT_NAME = "$(TARGET_NAME)";
				SWIFT_EMIT_LOC_STRINGS = NO;
				SWIFT_VERSION = 5.0;
				TARGETED_DEVICE_FAMILY = "1,2";
				TEST_TARGET_NAME = udemyTableView;
			};
			name = Debug;
		};
		22D68CA0297FEE540036692D /* Release */ = {
			isa = XCBuildConfiguration;
			buildSettings = {
				ALWAYS_EMBED_SWIFT_STANDARD_LIBRARIES = YES;
				CODE_SIGN_STYLE = Automatic;
				CURRENT_PROJECT_VERSION = 1;
				GENERATE_INFOPLIST_FILE = YES;
				MARKETING_VERSION = 1.0;
				PRODUCT_BUNDLE_IDENTIFIER = deniz.udemyTableViewUITests;
				PRODUCT_NAME = "$(TARGET_NAME)";
				SWIFT_EMIT_LOC_STRINGS = NO;
				SWIFT_VERSION = 5.0;
				TARGETED_DEVICE_FAMILY = "1,2";
				TEST_TARGET_NAME = udemyTableView;
			};
			name = Release;
		};
/* End XCBuildConfiguration section */

/* Begin XCConfigurationList section */
		22D68C69297FEE530036692D /* Build configuration list for PBXProject "udemyTableView" */ = {
			isa = XCConfigurationList;
			buildConfigurations = (
				22D68C96297FEE540036692D /* Debug */,
				22D68C97297FEE540036692D /* Release */,
			);
			defaultConfigurationIsVisible = 0;
			defaultConfigurationName = Release;
		};
		22D68C98297FEE540036692D /* Build configuration list for PBXNativeTarget "udemyTableView" */ = {
			isa = XCConfigurationList;
			buildConfigurations = (
				22D68C99297FEE540036692D /* Debug */,
				22D68C9A297FEE540036692D /* Release */,
			);
			defaultConfigurationIsVisible = 0;
			defaultConfigurationName = Release;
		};
		22D68C9B297FEE540036692D /* Build configuration list for PBXNativeTarget "udemyTableViewTests" */ = {
			isa = XCConfigurationList;
			buildConfigurations = (
				22D68C9C297FEE540036692D /* Debug */,
				22D68C9D297FEE540036692D /* Release */,
			);
			defaultConfigurationIsVisible = 0;
			defaultConfigurationName = Release;
		};
		22D68C9E297FEE540036692D /* Build configuration list for PBXNativeTarget "udemyTableViewUITests" */ = {
			isa = XCConfigurationList;
			buildConfigurations = (
				22D68C9F297FEE540036692D /* Debug */,
				22D68CA0297FEE540036692D /* Release */,
			);
			defaultConfigurationIsVisible = 0;
			defaultConfigurationName = Release;
		};
/* End XCConfigurationList section */
	};
	rootObject = 22D68C66297FEE530036692D /* Project object */;
}
